
Microsoft Visual Studio Solution File, Format Version 12.00
# Visual Studio Version 17
VisualStudioVersion = 17.11.35208.52
MinimumVisualStudioVersion = 10.0.40219.1
Project("{FAE04EC0-301F-11D3-BF4B-00C04F79EFBC}") = "ADONETSQLServerConnectionPresentation", "ADONETSQLServerConnectionPresentation\ADONETSQLServerConnectionPresentation.csproj", "{AB4B4EE2-D274-4E1F-9E7D-056945EC7683}"
EndProject
Project("{FAE04EC0-301F-11D3-BF4B-00C04F79EFBC}") = "ADONETSQLServerDataBaseProject", "ADONETSQLServerDataBaseProject\ADONETSQLServerDataBaseProject.csproj", "{FB7CFACD-8452-4F31-96D1-78932E351104}"
EndProject
Project("{FAE04EC0-301F-11D3-BF4B-00C04F79EFBC}") = "ADONETSQLServerConnection.DataAccess", "ADONETSQLServerConnection.DataAccess\ADONETSQLServerConnection.DataAccess.csproj", "{802FF2F7-3096-4145-B0CC-1EA7BEC310B1}"
EndProject
Project("{FAE04EC0-301F-11D3-BF4B-00C04F79EFBC}") = "ADONETSQLServerConnection.Application", "ADONETSQLServerConnection.Application\ADONETSQLServerConnection.Application.csproj", "{046DC2F3-334A-47FE-AFA8-773D9D9D0014}"
EndProject
Global
	GlobalSection(SolutionConfigurationPlatforms) = preSolution
		Debug|Any CPU = Debug|Any CPU
		Release|Any CPU = Release|Any CPU
	EndGlobalSection
	GlobalSection(ProjectConfigurationPlatforms) = postSolution
		{AB4B4EE2-D274-4E1F-9E7D-056945EC7683}.Debug|Any CPU.ActiveCfg = Debug|Any CPU
		{AB4B4EE2-D274-4E1F-9E7D-056945EC7683}.Debug|Any CPU.Build.0 = Debug|Any CPU
		{AB4B4EE2-D274-4E1F-9E7D-056945EC7683}.Release|Any CPU.ActiveCfg = Release|Any CPU
		{AB4B4EE2-D274-4E1F-9E7D-056945EC7683}.Release|Any CPU.Build.0 = Release|Any CPU
		{FB7CFACD-8452-4F31-96D1-78932E351104}.Debug|Any CPU.ActiveCfg = Debug|Any CPU
		{FB7CFACD-8452-4F31-96D1-78932E351104}.Debug|Any CPU.Build.0 = Debug|Any CPU
		{FB7CFACD-8452-4F31-96D1-78932E351104}.Release|Any CPU.ActiveCfg = Release|Any CPU
		{FB7CFACD-8452-4F31-96D1-78932E351104}.Release|Any CPU.Build.0 = Release|Any CPU
		{802FF2F7-3096-4145-B0CC-1EA7BEC310B1}.Debug|Any CPU.ActiveCfg = Debug|Any CPU
		{802FF2F7-3096-4145-B0CC-1EA7BEC310B1}.Debug|Any CPU.Build.0 = Debug|Any CPU
		{802FF2F7-3096-4145-B0CC-1EA7BEC310B1}.Release|Any CPU.ActiveCfg = Release|Any CPU
		{802FF2F7-3096-4145-B0CC-1EA7BEC310B1}.Release|Any CPU.Build.0 = Release|Any CPU
		{046DC2F3-334A-47FE-AFA8-773D9D9D0014}.Debug|Any CPU.ActiveCfg = Debug|Any CPU
		{046DC2F3-334A-47FE-AFA8-773D9D9D0014}.Debug|Any CPU.Build.0 = Debug|Any CPU
		{046DC2F3-334A-47FE-AFA8-773D9D9D0014}.Release|Any CPU.ActiveCfg = Release|Any CPU
		{046DC2F3-334A-47FE-AFA8-773D9D9D0014}.Release|Any CPU.Build.0 = Release|Any CPU
	EndGlobalSection
	GlobalSection(SolutionProperties) = preSolution
		HideSolutionNode = FALSE
	EndGlobalSection
	GlobalSection(ExtensibilityGlobals) = postSolution
		SolutionGuid = {B5AACA3A-D02C-402A-A547-54A16EB1A153}
	EndGlobalSection
EndGlobal
